// !$*UTF8*$!
{
	archiveVersion = 1;
	classes = {
	};
	objectVersion = 56;
	objects = {

/* Begin PBXBuildFile section */
		14D814312EB15FE28493C0AA /* Pods_AnimalsAppTests.framework in Frameworks */ = {isa = PBXBuildFile; fileRef = 964BE19CB1C24959EA13C941 /* Pods_AnimalsAppTests.framework */; };
		52D5A81F2C47C1D500BF1352 /* AppDelegate.swift in Sources */ = {isa = PBXBuildFile; fileRef = 52D5A81E2C47C1D500BF1352 /* AppDelegate.swift */; };
		52D5A8212C47C1D500BF1352 /* SceneDelegate.swift in Sources */ = {isa = PBXBuildFile; fileRef = 52D5A8202C47C1D500BF1352 /* SceneDelegate.swift */; };
		52D5A8262C47C1D500BF1352 /* Base in Resources */ = {isa = PBXBuildFile; fileRef = 52D5A8252C47C1D500BF1352 /* Base */; };
		52D5A8292C47C1D500BF1352 /* AnimalsApp.xcdatamodeld in Sources */ = {isa = PBXBuildFile; fileRef = 52D5A8272C47C1D500BF1352 /* AnimalsApp.xcdatamodeld */; };
		52D5A82B2C47C1D700BF1352 /* Assets.xcassets in Resources */ = {isa = PBXBuildFile; fileRef = 52D5A82A2C47C1D700BF1352 /* Assets.xcassets */; };
		52D5A82E2C47C1D700BF1352 /* Base in Resources */ = {isa = PBXBuildFile; fileRef = 52D5A82D2C47C1D700BF1352 /* Base */; };
		52D5A8392C47C1D700BF1352 /* AnimalsAppTests.swift in Sources */ = {isa = PBXBuildFile; fileRef = 52D5A8382C47C1D700BF1352 /* AnimalsAppTests.swift */; };
		52D5A8432C47C1D700BF1352 /* AnimalsAppUITests.swift in Sources */ = {isa = PBXBuildFile; fileRef = 52D5A8422C47C1D700BF1352 /* AnimalsAppUITests.swift */; };
		52D5A8452C47C1D700BF1352 /* AnimalsAppUITestsLaunchTests.swift in Sources */ = {isa = PBXBuildFile; fileRef = 52D5A8442C47C1D700BF1352 /* AnimalsAppUITestsLaunchTests.swift */; };
		52D5A85C2C47CA5200BF1352 /* AnimalListViewController.swift in Sources */ = {isa = PBXBuildFile; fileRef = 52D5A85B2C47CA5200BF1352 /* AnimalListViewController.swift */; };
		52D5A85E2C47CA6100BF1352 /* AnimalListViewModel.swift in Sources */ = {isa = PBXBuildFile; fileRef = 52D5A85D2C47CA6100BF1352 /* AnimalListViewModel.swift */; };
		52D5A8602C47CAD700BF1352 /* HttpService.swift in Sources */ = {isa = PBXBuildFile; fileRef = 52D5A85F2C47CAD700BF1352 /* HttpService.swift */; };
		52D5A8622C47CDC800BF1352 /* AnimalApiService.swift in Sources */ = {isa = PBXBuildFile; fileRef = 52D5A8612C47CDC800BF1352 /* AnimalApiService.swift */; };
		52D5A8642C47CF0200BF1352 /* AnimalRepository.swift in Sources */ = {isa = PBXBuildFile; fileRef = 52D5A8632C47CF0200BF1352 /* AnimalRepository.swift */; };
		52D5A8672C47CFA200BF1352 /* Animal.swift in Sources */ = {isa = PBXBuildFile; fileRef = 52D5A8662C47CFA200BF1352 /* Animal.swift */; };
		52D5A86A2C488FC100BF1352 /* Image.swift in Sources */ = {isa = PBXBuildFile; fileRef = 52D5A8692C488FC100BF1352 /* Image.swift */; };
		52D5A86C2C488FD100BF1352 /* ImageApiService.swift in Sources */ = {isa = PBXBuildFile; fileRef = 52D5A86B2C488FD100BF1352 /* ImageApiService.swift */; };
		52D5A86E2C48915A00BF1352 /* ImageRepository.swift in Sources */ = {isa = PBXBuildFile; fileRef = 52D5A86D2C48915A00BF1352 /* ImageRepository.swift */; };
		52D5A8702C4892DC00BF1352 /* ImageList.swift in Sources */ = {isa = PBXBuildFile; fileRef = 52D5A86F2C4892DC00BF1352 /* ImageList.swift */; };
		52D5A8752C48964A00BF1352 /* AnimalTest.swift in Sources */ = {isa = PBXBuildFile; fileRef = 52D5A8742C48964A00BF1352 /* AnimalTest.swift */; };
		52D5A8792C48AF8100BF1352 /* AnimalRepositoryTest.swift in Sources */ = {isa = PBXBuildFile; fileRef = 52D5A8782C48AF8100BF1352 /* AnimalRepositoryTest.swift */; };
		52D5A87D2C49CD4500BF1352 /* CoreDataService.swift in Sources */ = {isa = PBXBuildFile; fileRef = 52D5A87C2C49CD4500BF1352 /* CoreDataService.swift */; };
		52D5A88C2C49D10500BF1352 /* FavouriteImage+CoreDataClass.swift in Sources */ = {isa = PBXBuildFile; fileRef = 52D5A88A2C49D10500BF1352 /* FavouriteImage+CoreDataClass.swift */; };
		52D5A88D2C49D10500BF1352 /* FavouriteImage+CoreDataProperties.swift in Sources */ = {isa = PBXBuildFile; fileRef = 52D5A88B2C49D10500BF1352 /* FavouriteImage+CoreDataProperties.swift */; };
		52D5A88F2C49D97400BF1352 /* ImageLocalService.swift in Sources */ = {isa = PBXBuildFile; fileRef = 52D5A88E2C49D97400BF1352 /* ImageLocalService.swift */; };
		52D5A8922C49E73E00BF1352 /* UIView+Extension.swift in Sources */ = {isa = PBXBuildFile; fileRef = 52D5A8912C49E73E00BF1352 /* UIView+Extension.swift */; };
		52D5A8952C49EC8900BF1352 /* ImageListViewController.swift in Sources */ = {isa = PBXBuildFile; fileRef = 52D5A8942C49EC8900BF1352 /* ImageListViewController.swift */; };
		52D5A8972C49EC9800BF1352 /* ImageListViewModel.swift in Sources */ = {isa = PBXBuildFile; fileRef = 52D5A8962C49EC9800BF1352 /* ImageListViewModel.swift */; };
		52D5A8992C49F62700BF1352 /* ImageViewCell.swift in Sources */ = {isa = PBXBuildFile; fileRef = 52D5A8982C49F62700BF1352 /* ImageViewCell.swift */; };
		52D5A89B2C4A1FCF00BF1352 /* Rx+Extension.swift in Sources */ = {isa = PBXBuildFile; fileRef = 52D5A89A2C4A1FCF00BF1352 /* Rx+Extension.swift */; };
		52D5A89D2C4A232400BF1352 /* FullImageViewController.swift in Sources */ = {isa = PBXBuildFile; fileRef = 52D5A89C2C4A232400BF1352 /* FullImageViewController.swift */; };
		689BCD8A1D83A5644847A0F3 /* Pods_AnimalsApp_AnimalsAppUITests.framework in Frameworks */ = {isa = PBXBuildFile; fileRef = 4A98B6D5FBA2B1D2197C3B37 /* Pods_AnimalsApp_AnimalsAppUITests.framework */; };
		F6B06B75838AA69C30BD25D5 /* Pods_AnimalsApp.framework in Frameworks */ = {isa = PBXBuildFile; fileRef = 2CCEE14DD8C52B209FE53079 /* Pods_AnimalsApp.framework */; };
/* End PBXBuildFile section */

/* Begin PBXContainerItemProxy section */
		52D5A8352C47C1D700BF1352 /* PBXContainerItemProxy */ = {
			isa = PBXContainerItemProxy;
			containerPortal = 52D5A8132C47C1D500BF1352 /* Project object */;
			proxyType = 1;
			remoteGlobalIDString = 52D5A81A2C47C1D500BF1352;
			remoteInfo = AnimalsApp;
		};
		52D5A83F2C47C1D700BF1352 /* PBXContainerItemProxy */ = {
			isa = PBXContainerItemProxy;
			containerPortal = 52D5A8132C47C1D500BF1352 /* Project object */;
			proxyType = 1;
			remoteGlobalIDString = 52D5A81A2C47C1D500BF1352;
			remoteInfo = AnimalsApp;
		};
/* End PBXContainerItemProxy section */

/* Begin PBXFileReference section */
		2CCEE14DD8C52B209FE53079 /* Pods_AnimalsApp.framework */ = {isa = PBXFileReference; explicitFileType = wrapper.framework; includeInIndex = 0; path = Pods_AnimalsApp.framework; sourceTree = BUILT_PRODUCTS_DIR; };
		4A98B6D5FBA2B1D2197C3B37 /* Pods_AnimalsApp_AnimalsAppUITests.framework */ = {isa = PBXFileReference; explicitFileType = wrapper.framework; includeInIndex = 0; path = Pods_AnimalsApp_AnimalsAppUITests.framework; sourceTree = BUILT_PRODUCTS_DIR; };
		4DDD795A1E606B740B40120D /* Pods-AnimalsApp.release.xcconfig */ = {isa = PBXFileReference; includeInIndex = 1; lastKnownFileType = text.xcconfig; name = "Pods-AnimalsApp.release.xcconfig"; path = "Target Support Files/Pods-AnimalsApp/Pods-AnimalsApp.release.xcconfig"; sourceTree = "<group>"; };
		52D5A81B2C47C1D500BF1352 /* AnimalsApp.app */ = {isa = PBXFileReference; explicitFileType = wrapper.application; includeInIndex = 0; path = AnimalsApp.app; sourceTree = BUILT_PRODUCTS_DIR; };
		52D5A81E2C47C1D500BF1352 /* AppDelegate.swift */ = {isa = PBXFileReference; lastKnownFileType = sourcecode.swift; path = AppDelegate.swift; sourceTree = "<group>"; };
		52D5A8202C47C1D500BF1352 /* SceneDelegate.swift */ = {isa = PBXFileReference; lastKnownFileType = sourcecode.swift; path = SceneDelegate.swift; sourceTree = "<group>"; };
		52D5A8252C47C1D500BF1352 /* Base */ = {isa = PBXFileReference; lastKnownFileType = file.storyboard; name = Base; path = Base.lproj/Main.storyboard; sourceTree = "<group>"; };
		52D5A8282C47C1D500BF1352 /* AnimalsApp.xcdatamodel */ = {isa = PBXFileReference; lastKnownFileType = wrapper.xcdatamodel; path = AnimalsApp.xcdatamodel; sourceTree = "<group>"; };
		52D5A82A2C47C1D700BF1352 /* Assets.xcassets */ = {isa = PBXFileReference; lastKnownFileType = folder.assetcatalog; path = Assets.xcassets; sourceTree = "<group>"; };
		52D5A82D2C47C1D700BF1352 /* Base */ = {isa = PBXFileReference; lastKnownFileType = file.storyboard; name = Base; path = Base.lproj/LaunchScreen.storyboard; sourceTree = "<group>"; };
		52D5A82F2C47C1D700BF1352 /* Info.plist */ = {isa = PBXFileReference; lastKnownFileType = text.plist.xml; path = Info.plist; sourceTree = "<group>"; };
		52D5A8342C47C1D700BF1352 /* AnimalsAppTests.xctest */ = {isa = PBXFileReference; explicitFileType = wrapper.cfbundle; includeInIndex = 0; path = AnimalsAppTests.xctest; sourceTree = BUILT_PRODUCTS_DIR; };
		52D5A8382C47C1D700BF1352 /* AnimalsAppTests.swift */ = {isa = PBXFileReference; lastKnownFileType = sourcecode.swift; path = AnimalsAppTests.swift; sourceTree = "<group>"; };
		52D5A83E2C47C1D700BF1352 /* AnimalsAppUITests.xctest */ = {isa = PBXFileReference; explicitFileType = wrapper.cfbundle; includeInIndex = 0; path = AnimalsAppUITests.xctest; sourceTree = BUILT_PRODUCTS_DIR; };
		52D5A8422C47C1D700BF1352 /* AnimalsAppUITests.swift */ = {isa = PBXFileReference; lastKnownFileType = sourcecode.swift; path = AnimalsAppUITests.swift; sourceTree = "<group>"; };
		52D5A8442C47C1D700BF1352 /* AnimalsAppUITestsLaunchTests.swift */ = {isa = PBXFileReference; lastKnownFileType = sourcecode.swift; path = AnimalsAppUITestsLaunchTests.swift; sourceTree = "<group>"; };
		52D5A85B2C47CA5200BF1352 /* AnimalListViewController.swift */ = {isa = PBXFileReference; lastKnownFileType = sourcecode.swift; path = AnimalListViewController.swift; sourceTree = "<group>"; };
		52D5A85D2C47CA6100BF1352 /* AnimalListViewModel.swift */ = {isa = PBXFileReference; lastKnownFileType = sourcecode.swift; path = AnimalListViewModel.swift; sourceTree = "<group>"; };
		52D5A85F2C47CAD700BF1352 /* HttpService.swift */ = {isa = PBXFileReference; lastKnownFileType = sourcecode.swift; path = HttpService.swift; sourceTree = "<group>"; };
		52D5A8612C47CDC800BF1352 /* AnimalApiService.swift */ = {isa = PBXFileReference; lastKnownFileType = sourcecode.swift; path = AnimalApiService.swift; sourceTree = "<group>"; };
		52D5A8632C47CF0200BF1352 /* AnimalRepository.swift */ = {isa = PBXFileReference; lastKnownFileType = sourcecode.swift; path = AnimalRepository.swift; sourceTree = "<group>"; };
		52D5A8662C47CFA200BF1352 /* Animal.swift */ = {isa = PBXFileReference; lastKnownFileType = sourcecode.swift; path = Animal.swift; sourceTree = "<group>"; };
		52D5A8692C488FC100BF1352 /* Image.swift */ = {isa = PBXFileReference; lastKnownFileType = sourcecode.swift; path = Image.swift; sourceTree = "<group>"; };
		52D5A86B2C488FD100BF1352 /* ImageApiService.swift */ = {isa = PBXFileReference; lastKnownFileType = sourcecode.swift; path = ImageApiService.swift; sourceTree = "<group>"; };
		52D5A86D2C48915A00BF1352 /* ImageRepository.swift */ = {isa = PBXFileReference; lastKnownFileType = sourcecode.swift; path = ImageRepository.swift; sourceTree = "<group>"; };
		52D5A86F2C4892DC00BF1352 /* ImageList.swift */ = {isa = PBXFileReference; lastKnownFileType = sourcecode.swift; path = ImageList.swift; sourceTree = "<group>"; };
		52D5A8742C48964A00BF1352 /* AnimalTest.swift */ = {isa = PBXFileReference; lastKnownFileType = sourcecode.swift; path = AnimalTest.swift; sourceTree = "<group>"; };
		52D5A8782C48AF8100BF1352 /* AnimalRepositoryTest.swift */ = {isa = PBXFileReference; lastKnownFileType = sourcecode.swift; path = AnimalRepositoryTest.swift; sourceTree = "<group>"; };
		52D5A87C2C49CD4500BF1352 /* CoreDataService.swift */ = {isa = PBXFileReference; lastKnownFileType = sourcecode.swift; path = CoreDataService.swift; sourceTree = "<group>"; };
		52D5A88A2C49D10500BF1352 /* FavouriteImage+CoreDataClass.swift */ = {isa = PBXFileReference; lastKnownFileType = sourcecode.swift; path = "FavouriteImage+CoreDataClass.swift"; sourceTree = "<group>"; };
		52D5A88B2C49D10500BF1352 /* FavouriteImage+CoreDataProperties.swift */ = {isa = PBXFileReference; lastKnownFileType = sourcecode.swift; path = "FavouriteImage+CoreDataProperties.swift"; sourceTree = "<group>"; };
		52D5A88E2C49D97400BF1352 /* ImageLocalService.swift */ = {isa = PBXFileReference; lastKnownFileType = sourcecode.swift; path = ImageLocalService.swift; sourceTree = "<group>"; };
		52D5A8912C49E73E00BF1352 /* UIView+Extension.swift */ = {isa = PBXFileReference; lastKnownFileType = sourcecode.swift; path = "UIView+Extension.swift"; sourceTree = "<group>"; };
		52D5A8942C49EC8900BF1352 /* ImageListViewController.swift */ = {isa = PBXFileReference; lastKnownFileType = sourcecode.swift; path = ImageListViewController.swift; sourceTree = "<group>"; };
		52D5A8962C49EC9800BF1352 /* ImageListViewModel.swift */ = {isa = PBXFileReference; lastKnownFileType = sourcecode.swift; path = ImageListViewModel.swift; sourceTree = "<group>"; };
		52D5A8982C49F62700BF1352 /* ImageViewCell.swift */ = {isa = PBXFileReference; lastKnownFileType = sourcecode.swift; path = ImageViewCell.swift; sourceTree = "<group>"; };
		52D5A89A2C4A1FCF00BF1352 /* Rx+Extension.swift */ = {isa = PBXFileReference; lastKnownFileType = sourcecode.swift; path = "Rx+Extension.swift"; sourceTree = "<group>"; };
		52D5A89C2C4A232400BF1352 /* FullImageViewController.swift */ = {isa = PBXFileReference; lastKnownFileType = sourcecode.swift; path = FullImageViewController.swift; sourceTree = "<group>"; };
		6E1E0DC96E0BEE4002531090 /* Pods-AnimalsApp.debug.xcconfig */ = {isa = PBXFileReference; includeInIndex = 1; lastKnownFileType = text.xcconfig; name = "Pods-AnimalsApp.debug.xcconfig"; path = "Target Support Files/Pods-AnimalsApp/Pods-AnimalsApp.debug.xcconfig"; sourceTree = "<group>"; };
		84FAE19149F6F41B0865ED22 /* Pods-AnimalsApp-AnimalsAppUITests.debug.xcconfig */ = {isa = PBXFileReference; includeInIndex = 1; lastKnownFileType = text.xcconfig; name = "Pods-AnimalsApp-AnimalsAppUITests.debug.xcconfig"; path = "Target Support Files/Pods-AnimalsApp-AnimalsAppUITests/Pods-AnimalsApp-AnimalsAppUITests.debug.xcconfig"; sourceTree = "<group>"; };
		872D9E5E5A51D1022F56AD3D /* Pods-AnimalsAppTests.debug.xcconfig */ = {isa = PBXFileReference; includeInIndex = 1; lastKnownFileType = text.xcconfig; name = "Pods-AnimalsAppTests.debug.xcconfig"; path = "Target Support Files/Pods-AnimalsAppTests/Pods-AnimalsAppTests.debug.xcconfig"; sourceTree = "<group>"; };
		891A09898166382AE59237DE /* Pods-AnimalsApp-AnimalsAppUITests.release.xcconfig */ = {isa = PBXFileReference; includeInIndex = 1; lastKnownFileType = text.xcconfig; name = "Pods-AnimalsApp-AnimalsAppUITests.release.xcconfig"; path = "Target Support Files/Pods-AnimalsApp-AnimalsAppUITests/Pods-AnimalsApp-AnimalsAppUITests.release.xcconfig"; sourceTree = "<group>"; };
		964BE19CB1C24959EA13C941 /* Pods_AnimalsAppTests.framework */ = {isa = PBXFileReference; explicitFileType = wrapper.framework; includeInIndex = 0; path = Pods_AnimalsAppTests.framework; sourceTree = BUILT_PRODUCTS_DIR; };
		C2BACBF5E8A0DBFA3B53E60F /* Pods-AnimalsAppTests.release.xcconfig */ = {isa = PBXFileReference; includeInIndex = 1; lastKnownFileType = text.xcconfig; name = "Pods-AnimalsAppTests.release.xcconfig"; path = "Target Support Files/Pods-AnimalsAppTests/Pods-AnimalsAppTests.release.xcconfig"; sourceTree = "<group>"; };
/* End PBXFileReference section */

/* Begin PBXFrameworksBuildPhase section */
		52D5A8182C47C1D500BF1352 /* Frameworks */ = {
			isa = PBXFrameworksBuildPhase;
			buildActionMask = 2147483647;
			files = (
				F6B06B75838AA69C30BD25D5 /* Pods_AnimalsApp.framework in Frameworks */,
			);
			runOnlyForDeploymentPostprocessing = 0;
		};
		52D5A8312C47C1D700BF1352 /* Frameworks */ = {
			isa = PBXFrameworksBuildPhase;
			buildActionMask = 2147483647;
			files = (
				14D814312EB15FE28493C0AA /* Pods_AnimalsAppTests.framework in Frameworks */,
			);
			runOnlyForDeploymentPostprocessing = 0;
		};
		52D5A83B2C47C1D700BF1352 /* Frameworks */ = {
			isa = PBXFrameworksBuildPhase;
			buildActionMask = 2147483647;
			files = (
				689BCD8A1D83A5644847A0F3 /* Pods_AnimalsApp_AnimalsAppUITests.framework in Frameworks */,
			);
			runOnlyForDeploymentPostprocessing = 0;
		};
/* End PBXFrameworksBuildPhase section */

/* Begin PBXGroup section */
		52D5A8122C47C1D500BF1352 = {
			isa = PBXGroup;
			children = (
				52D5A81D2C47C1D500BF1352 /* AnimalsApp */,
				52D5A8372C47C1D700BF1352 /* AnimalsAppTests */,
				52D5A8412C47C1D700BF1352 /* AnimalsAppUITests */,
				52D5A81C2C47C1D500BF1352 /* Products */,
				B1FF8248254A82E19C430FEB /* Pods */,
				B15968206D7A0D50A14BC962 /* Frameworks */,
			);
			sourceTree = "<group>";
		};
		52D5A81C2C47C1D500BF1352 /* Products */ = {
			isa = PBXGroup;
			children = (
				52D5A81B2C47C1D500BF1352 /* AnimalsApp.app */,
				52D5A8342C47C1D700BF1352 /* AnimalsAppTests.xctest */,
				52D5A83E2C47C1D700BF1352 /* AnimalsAppUITests.xctest */,
			);
			name = Products;
			sourceTree = "<group>";
		};
		52D5A81D2C47C1D500BF1352 /* AnimalsApp */ = {
			isa = PBXGroup;
			children = (
				52D5A8512C47C76000BF1352 /* Data */,
				52D5A8522C47C78500BF1352 /* Modules */,
				52D5A81E2C47C1D500BF1352 /* AppDelegate.swift */,
				52D5A8202C47C1D500BF1352 /* SceneDelegate.swift */,
				52D5A8242C47C1D500BF1352 /* Main.storyboard */,
				52D5A82A2C47C1D700BF1352 /* Assets.xcassets */,
				52D5A82C2C47C1D700BF1352 /* LaunchScreen.storyboard */,
				52D5A82F2C47C1D700BF1352 /* Info.plist */,
				52D5A8272C47C1D500BF1352 /* AnimalsApp.xcdatamodeld */,
			);
			path = AnimalsApp;
			sourceTree = "<group>";
		};
		52D5A8372C47C1D700BF1352 /* AnimalsAppTests */ = {
			isa = PBXGroup;
			children = (
				52D5A8762C48AF3B00BF1352 /* Data */,
				52D5A8722C48963800BF1352 /* Modules */,
				52D5A8382C47C1D700BF1352 /* AnimalsAppTests.swift */,
			);
			path = AnimalsAppTests;
			sourceTree = "<group>";
		};
		52D5A8412C47C1D700BF1352 /* AnimalsAppUITests */ = {
			isa = PBXGroup;
			children = (
				52D5A8422C47C1D700BF1352 /* AnimalsAppUITests.swift */,
				52D5A8442C47C1D700BF1352 /* AnimalsAppUITestsLaunchTests.swift */,
			);
			path = AnimalsAppUITests;
			sourceTree = "<group>";
		};
		52D5A8512C47C76000BF1352 /* Data */ = {
			isa = PBXGroup;
			children = (
				52D5A8562C47C7E400BF1352 /* Repositories */,
				52D5A8542C47C7C900BF1352 /* Locals */,
				52D5A8532C47C7B700BF1352 /* Apis */,
			);
			path = Data;
			sourceTree = "<group>";
		};
		52D5A8522C47C78500BF1352 /* Modules */ = {
			isa = PBXGroup;
			children = (
				52D5A8902C49E72E00BF1352 /* Commons */,
				52D5A85A2C47CA1C00BF1352 /* AnimalList */,
				52D5A8932C49EC7300BF1352 /* ImageList */,
				52D5A89E2C4A234600BF1352 /* FullImage */,
				52D5A8572C47C7FB00BF1352 /* Models */,
			);
			path = Modules;
			sourceTree = "<group>";
		};
		52D5A8532C47C7B700BF1352 /* Apis */ = {
			isa = PBXGroup;
			children = (
				52D5A8682C488DC000BF1352 /* Image */,
				52D5A8652C47CF7900BF1352 /* Animal */,
				52D5A85F2C47CAD700BF1352 /* HttpService.swift */,
			);
			path = Apis;
			sourceTree = "<group>";
		};
		52D5A8542C47C7C900BF1352 /* Locals */ = {
			isa = PBXGroup;
			children = (
				52D5A88A2C49D10500BF1352 /* FavouriteImage+CoreDataClass.swift */,
				52D5A88B2C49D10500BF1352 /* FavouriteImage+CoreDataProperties.swift */,
				52D5A87C2C49CD4500BF1352 /* CoreDataService.swift */,
				52D5A88E2C49D97400BF1352 /* ImageLocalService.swift */,
			);
			path = Locals;
			sourceTree = "<group>";
		};
		52D5A8562C47C7E400BF1352 /* Repositories */ = {
			isa = PBXGroup;
			children = (
				52D5A8632C47CF0200BF1352 /* AnimalRepository.swift */,
				52D5A86D2C48915A00BF1352 /* ImageRepository.swift */,
			);
			path = Repositories;
			sourceTree = "<group>";
		};
		52D5A8572C47C7FB00BF1352 /* Models */ = {
			isa = PBXGroup;
			children = (
				52D5A86F2C4892DC00BF1352 /* ImageList.swift */,
				52D5A8692C488FC100BF1352 /* Image.swift */,
				52D5A8662C47CFA200BF1352 /* Animal.swift */,
			);
			path = Models;
			sourceTree = "<group>";
		};
		52D5A85A2C47CA1C00BF1352 /* AnimalList */ = {
			isa = PBXGroup;
			children = (
				52D5A85B2C47CA5200BF1352 /* AnimalListViewController.swift */,
				52D5A85D2C47CA6100BF1352 /* AnimalListViewModel.swift */,
			);
			path = AnimalList;
			sourceTree = "<group>";
		};
		52D5A8652C47CF7900BF1352 /* Animal */ = {
			isa = PBXGroup;
			children = (
				52D5A8612C47CDC800BF1352 /* AnimalApiService.swift */,
			);
			path = Animal;
			sourceTree = "<group>";
		};
		52D5A8682C488DC000BF1352 /* Image */ = {
			isa = PBXGroup;
			children = (
				52D5A86B2C488FD100BF1352 /* ImageApiService.swift */,
			);
			name = Image;
			sourceTree = "<group>";
		};
		52D5A8722C48963800BF1352 /* Modules */ = {
			isa = PBXGroup;
			children = (
				52D5A8732C48963E00BF1352 /* Models */,
			);
			path = Modules;
			sourceTree = "<group>";
		};
		52D5A8732C48963E00BF1352 /* Models */ = {
			isa = PBXGroup;
			children = (
				52D5A8742C48964A00BF1352 /* AnimalTest.swift */,
			);
			path = Models;
			sourceTree = "<group>";
		};
		52D5A8762C48AF3B00BF1352 /* Data */ = {
			isa = PBXGroup;
			children = (
				52D5A8772C48AF4600BF1352 /* Repositories */,
			);
			path = Data;
			sourceTree = "<group>";
		};
		52D5A8772C48AF4600BF1352 /* Repositories */ = {
			isa = PBXGroup;
			children = (
				52D5A8782C48AF8100BF1352 /* AnimalRepositoryTest.swift */,
			);
			path = Repositories;
			sourceTree = "<group>";
		};
		52D5A8902C49E72E00BF1352 /* Commons */ = {
			isa = PBXGroup;
			children = (
				52D5A8912C49E73E00BF1352 /* UIView+Extension.swift */,
				52D5A89A2C4A1FCF00BF1352 /* Rx+Extension.swift */,
			);
			path = Commons;
			sourceTree = "<group>";
		};
		52D5A8932C49EC7300BF1352 /* ImageList */ = {
			isa = PBXGroup;
			children = (
				52D5A8942C49EC8900BF1352 /* ImageListViewController.swift */,
				52D5A8962C49EC9800BF1352 /* ImageListViewModel.swift */,
				52D5A8982C49F62700BF1352 /* ImageViewCell.swift */,
			);
			path = ImageList;
			sourceTree = "<group>";
		};
		52D5A89E2C4A234600BF1352 /* FullImage */ = {
			isa = PBXGroup;
			children = (
				52D5A89C2C4A232400BF1352 /* FullImageViewController.swift */,
			);
			path = FullImage;
			sourceTree = "<group>";
		};
		B15968206D7A0D50A14BC962 /* Frameworks */ = {
			isa = PBXGroup;
			children = (
				2CCEE14DD8C52B209FE53079 /* Pods_AnimalsApp.framework */,
				4A98B6D5FBA2B1D2197C3B37 /* Pods_AnimalsApp_AnimalsAppUITests.framework */,
				964BE19CB1C24959EA13C941 /* Pods_AnimalsAppTests.framework */,
			);
			name = Frameworks;
			sourceTree = "<group>";
		};
		B1FF8248254A82E19C430FEB /* Pods */ = {
			isa = PBXGroup;
			children = (
				6E1E0DC96E0BEE4002531090 /* Pods-AnimalsApp.debug.xcconfig */,
				4DDD795A1E606B740B40120D /* Pods-AnimalsApp.release.xcconfig */,
				84FAE19149F6F41B0865ED22 /* Pods-AnimalsApp-AnimalsAppUITests.debug.xcconfig */,
				891A09898166382AE59237DE /* Pods-AnimalsApp-AnimalsAppUITests.release.xcconfig */,
				872D9E5E5A51D1022F56AD3D /* Pods-AnimalsAppTests.debug.xcconfig */,
				C2BACBF5E8A0DBFA3B53E60F /* Pods-AnimalsAppTests.release.xcconfig */,
			);
			path = Pods;
			sourceTree = "<group>";
		};
/* End PBXGroup section */

/* Begin PBXNativeTarget section */
		52D5A81A2C47C1D500BF1352 /* AnimalsApp */ = {
			isa = PBXNativeTarget;
			buildConfigurationList = 52D5A8482C47C1D700BF1352 /* Build configuration list for PBXNativeTarget "AnimalsApp" */;
			buildPhases = (
				02175301704AFD91AF8CAF37 /* [CP] Check Pods Manifest.lock */,
				52D5A8172C47C1D500BF1352 /* Sources */,
				52D5A8182C47C1D500BF1352 /* Frameworks */,
				52D5A8192C47C1D500BF1352 /* Resources */,
				5C9DD90232B51327333EA39D /* [CP] Embed Pods Frameworks */,
			);
			buildRules = (
			);
			dependencies = (
			);
			name = AnimalsApp;
			productName = AnimalsApp;
			productReference = 52D5A81B2C47C1D500BF1352 /* AnimalsApp.app */;
			productType = "com.apple.product-type.application";
		};
		52D5A8332C47C1D700BF1352 /* AnimalsAppTests */ = {
			isa = PBXNativeTarget;
			buildConfigurationList = 52D5A84B2C47C1D700BF1352 /* Build configuration list for PBXNativeTarget "AnimalsAppTests" */;
			buildPhases = (
				8B9B68B464124DB376DEBD1B /* [CP] Check Pods Manifest.lock */,
				52D5A8302C47C1D700BF1352 /* Sources */,
				52D5A8312C47C1D700BF1352 /* Frameworks */,
				52D5A8322C47C1D700BF1352 /* Resources */,
			);
			buildRules = (
			);
			dependencies = (
				52D5A8362C47C1D700BF1352 /* PBXTargetDependency */,
			);
			name = AnimalsAppTests;
			productName = AnimalsAppTests;
			productReference = 52D5A8342C47C1D700BF1352 /* AnimalsAppTests.xctest */;
			productType = "com.apple.product-type.bundle.unit-test";
		};
		52D5A83D2C47C1D700BF1352 /* AnimalsAppUITests */ = {
			isa = PBXNativeTarget;
			buildConfigurationList = 52D5A84E2C47C1D700BF1352 /* Build configuration list for PBXNativeTarget "AnimalsAppUITests" */;
			buildPhases = (
				627CDD802EE7A61CA5EC4A5A /* [CP] Check Pods Manifest.lock */,
				52D5A83A2C47C1D700BF1352 /* Sources */,
				52D5A83B2C47C1D700BF1352 /* Frameworks */,
				52D5A83C2C47C1D700BF1352 /* Resources */,
				984B9C2C58F7725020A1E930 /* [CP] Embed Pods Frameworks */,
			);
			buildRules = (
			);
			dependencies = (
				52D5A8402C47C1D700BF1352 /* PBXTargetDependency */,
			);
			name = AnimalsAppUITests;
			productName = AnimalsAppUITests;
			productReference = 52D5A83E2C47C1D700BF1352 /* AnimalsAppUITests.xctest */;
			productType = "com.apple.product-type.bundle.ui-testing";
		};
/* End PBXNativeTarget section */

/* Begin PBXProject section */
		52D5A8132C47C1D500BF1352 /* Project object */ = {
			isa = PBXProject;
			attributes = {
				BuildIndependentTargetsInParallel = 1;
				LastSwiftUpdateCheck = 1540;
				LastUpgradeCheck = 1540;
				TargetAttributes = {
					52D5A81A2C47C1D500BF1352 = {
						CreatedOnToolsVersion = 15.4;
					};
					52D5A8332C47C1D700BF1352 = {
						CreatedOnToolsVersion = 15.4;
						TestTargetID = 52D5A81A2C47C1D500BF1352;
					};
					52D5A83D2C47C1D700BF1352 = {
						CreatedOnToolsVersion = 15.4;
						TestTargetID = 52D5A81A2C47C1D500BF1352;
					};
				};
			};
			buildConfigurationList = 52D5A8162C47C1D500BF1352 /* Build configuration list for PBXProject "AnimalsApp" */;
			compatibilityVersion = "Xcode 14.0";
			developmentRegion = en;
			hasScannedForEncodings = 0;
			knownRegions = (
				en,
				Base,
			);
			mainGroup = 52D5A8122C47C1D500BF1352;
			productRefGroup = 52D5A81C2C47C1D500BF1352 /* Products */;
			projectDirPath = "";
			projectRoot = "";
			targets = (
				52D5A81A2C47C1D500BF1352 /* AnimalsApp */,
				52D5A8332C47C1D700BF1352 /* AnimalsAppTests */,
				52D5A83D2C47C1D700BF1352 /* AnimalsAppUITests */,
			);
		};
/* End PBXProject section */

/* Begin PBXResourcesBuildPhase section */
		52D5A8192C47C1D500BF1352 /* Resources */ = {
			isa = PBXResourcesBuildPhase;
			buildActionMask = 2147483647;
			files = (
				52D5A82B2C47C1D700BF1352 /* Assets.xcassets in Resources */,
				52D5A82E2C47C1D700BF1352 /* Base in Resources */,
				52D5A8262C47C1D500BF1352 /* Base in Resources */,
			);
			runOnlyForDeploymentPostprocessing = 0;
		};
		52D5A8322C47C1D700BF1352 /* Resources */ = {
			isa = PBXResourcesBuildPhase;
			buildActionMask = 2147483647;
			files = (
			);
			runOnlyForDeploymentPostprocessing = 0;
		};
		52D5A83C2C47C1D700BF1352 /* Resources */ = {
			isa = PBXResourcesBuildPhase;
			buildActionMask = 2147483647;
			files = (
			);
			runOnlyForDeploymentPostprocessing = 0;
		};
/* End PBXResourcesBuildPhase section */

/* Begin PBXShellScriptBuildPhase section */
		02175301704AFD91AF8CAF37 /* [CP] Check Pods Manifest.lock */ = {
			isa = PBXShellScriptBuildPhase;
			buildActionMask = 2147483647;
			files = (
			);
			inputFileListPaths = (
			);
			inputPaths = (
				"${PODS_PODFILE_DIR_PATH}/Podfile.lock",
				"${PODS_ROOT}/Manifest.lock",
			);
			name = "[CP] Check Pods Manifest.lock";
			outputFileListPaths = (
			);
			outputPaths = (
				"$(DERIVED_FILE_DIR)/Pods-AnimalsApp-checkManifestLockResult.txt",
			);
			runOnlyForDeploymentPostprocessing = 0;
			shellPath = /bin/sh;
			shellScript = "diff \"${PODS_PODFILE_DIR_PATH}/Podfile.lock\" \"${PODS_ROOT}/Manifest.lock\" > /dev/null\nif [ $? != 0 ] ; then\n    # print error to STDERR\n    echo \"error: The sandbox is not in sync with the Podfile.lock. Run 'pod install' or update your CocoaPods installation.\" >&2\n    exit 1\nfi\n# This output is used by Xcode 'outputs' to avoid re-running this script phase.\necho \"SUCCESS\" > \"${SCRIPT_OUTPUT_FILE_0}\"\n";
			showEnvVarsInLog = 0;
		};
		5C9DD90232B51327333EA39D /* [CP] Embed Pods Frameworks */ = {
			isa = PBXShellScriptBuildPhase;
			buildActionMask = 2147483647;
			files = (
			);
			inputFileListPaths = (
				"${PODS_ROOT}/Target Support Files/Pods-AnimalsApp/Pods-AnimalsApp-frameworks-${CONFIGURATION}-input-files.xcfilelist",
			);
			name = "[CP] Embed Pods Frameworks";
			outputFileListPaths = (
				"${PODS_ROOT}/Target Support Files/Pods-AnimalsApp/Pods-AnimalsApp-frameworks-${CONFIGURATION}-output-files.xcfilelist",
			);
			runOnlyForDeploymentPostprocessing = 0;
			shellPath = /bin/sh;
			shellScript = "\"${PODS_ROOT}/Target Support Files/Pods-AnimalsApp/Pods-AnimalsApp-frameworks.sh\"\n";
			showEnvVarsInLog = 0;
		};
		627CDD802EE7A61CA5EC4A5A /* [CP] Check Pods Manifest.lock */ = {
			isa = PBXShellScriptBuildPhase;
			buildActionMask = 2147483647;
			files = (
			);
			inputFileListPaths = (
			);
			inputPaths = (
				"${PODS_PODFILE_DIR_PATH}/Podfile.lock",
				"${PODS_ROOT}/Manifest.lock",
			);
			name = "[CP] Check Pods Manifest.lock";
			outputFileListPaths = (
			);
			outputPaths = (
				"$(DERIVED_FILE_DIR)/Pods-AnimalsApp-AnimalsAppUITests-checkManifestLockResult.txt",
			);
			runOnlyForDeploymentPostprocessing = 0;
			shellPath = /bin/sh;
			shellScript = "diff \"${PODS_PODFILE_DIR_PATH}/Podfile.lock\" \"${PODS_ROOT}/Manifest.lock\" > /dev/null\nif [ $? != 0 ] ; then\n    # print error to STDERR\n    echo \"error: The sandbox is not in sync with the Podfile.lock. Run 'pod install' or update your CocoaPods installation.\" >&2\n    exit 1\nfi\n# This output is used by Xcode 'outputs' to avoid re-running this script phase.\necho \"SUCCESS\" > \"${SCRIPT_OUTPUT_FILE_0}\"\n";
			showEnvVarsInLog = 0;
		};
		8B9B68B464124DB376DEBD1B /* [CP] Check Pods Manifest.lock */ = {
			isa = PBXShellScriptBuildPhase;
			buildActionMask = 2147483647;
			files = (
			);
			inputFileListPaths = (
			);
			inputPaths = (
				"${PODS_PODFILE_DIR_PATH}/Podfile.lock",
				"${PODS_ROOT}/Manifest.lock",
			);
			name = "[CP] Check Pods Manifest.lock";
			outputFileListPaths = (
			);
			outputPaths = (
				"$(DERIVED_FILE_DIR)/Pods-AnimalsAppTests-checkManifestLockResult.txt",
			);
			runOnlyForDeploymentPostprocessing = 0;
			shellPath = /bin/sh;
			shellScript = "diff \"${PODS_PODFILE_DIR_PATH}/Podfile.lock\" \"${PODS_ROOT}/Manifest.lock\" > /dev/null\nif [ $? != 0 ] ; then\n    # print error to STDERR\n    echo \"error: The sandbox is not in sync with the Podfile.lock. Run 'pod install' or update your CocoaPods installation.\" >&2\n    exit 1\nfi\n# This output is used by Xcode 'outputs' to avoid re-running this script phase.\necho \"SUCCESS\" > \"${SCRIPT_OUTPUT_FILE_0}\"\n";
			showEnvVarsInLog = 0;
		};
		984B9C2C58F7725020A1E930 /* [CP] Embed Pods Frameworks */ = {
			isa = PBXShellScriptBuildPhase;
			buildActionMask = 2147483647;
			files = (
			);
			inputFileListPaths = (
				"${PODS_ROOT}/Target Support Files/Pods-AnimalsApp-AnimalsAppUITests/Pods-AnimalsApp-AnimalsAppUITests-frameworks-${CONFIGURATION}-input-files.xcfilelist",
			);
			name = "[CP] Embed Pods Frameworks";
			outputFileListPaths = (
				"${PODS_ROOT}/Target Support Files/Pods-AnimalsApp-AnimalsAppUITests/Pods-AnimalsApp-AnimalsAppUITests-frameworks-${CONFIGURATION}-output-files.xcfilelist",
			);
			runOnlyForDeploymentPostprocessing = 0;
			shellPath = /bin/sh;
			shellScript = "\"${PODS_ROOT}/Target Support Files/Pods-AnimalsApp-AnimalsAppUITests/Pods-AnimalsApp-AnimalsAppUITests-frameworks.sh\"\n";
			showEnvVarsInLog = 0;
		};
/* End PBXShellScriptBuildPhase section */

/* Begin PBXSourcesBuildPhase section */
		52D5A8172C47C1D500BF1352 /* Sources */ = {
			isa = PBXSourcesBuildPhase;
			buildActionMask = 2147483647;
			files = (
				52D5A8292C47C1D500BF1352 /* AnimalsApp.xcdatamodeld in Sources */,
				52D5A8642C47CF0200BF1352 /* AnimalRepository.swift in Sources */,
				52D5A85E2C47CA6100BF1352 /* AnimalListViewModel.swift in Sources */,
				52D5A88C2C49D10500BF1352 /* FavouriteImage+CoreDataClass.swift in Sources */,
				52D5A88D2C49D10500BF1352 /* FavouriteImage+CoreDataProperties.swift in Sources */,
				52D5A87D2C49CD4500BF1352 /* CoreDataService.swift in Sources */,
				52D5A85C2C47CA5200BF1352 /* AnimalListViewController.swift in Sources */,
				52D5A81F2C47C1D500BF1352 /* AppDelegate.swift in Sources */,
				52D5A86C2C488FD100BF1352 /* ImageApiService.swift in Sources */,
				52D5A8952C49EC8900BF1352 /* ImageListViewController.swift in Sources */,
				52D5A86E2C48915A00BF1352 /* ImageRepository.swift in Sources */,
				52D5A89D2C4A232400BF1352 /* FullImageViewController.swift in Sources */,
				52D5A8672C47CFA200BF1352 /* Animal.swift in Sources */,
				52D5A8922C49E73E00BF1352 /* UIView+Extension.swift in Sources */,
				52D5A8602C47CAD700BF1352 /* HttpService.swift in Sources */,
				52D5A8972C49EC9800BF1352 /* ImageListViewModel.swift in Sources */,
				52D5A8622C47CDC800BF1352 /* AnimalApiService.swift in Sources */,
				52D5A8702C4892DC00BF1352 /* ImageList.swift in Sources */,
				52D5A89B2C4A1FCF00BF1352 /* Rx+Extension.swift in Sources */,
				52D5A86A2C488FC100BF1352 /* Image.swift in Sources */,
				52D5A8212C47C1D500BF1352 /* SceneDelegate.swift in Sources */,
				52D5A8992C49F62700BF1352 /* ImageViewCell.swift in Sources */,
				52D5A88F2C49D97400BF1352 /* ImageLocalService.swift in Sources */,
			);
			runOnlyForDeploymentPostprocessing = 0;
		};
		52D5A8302C47C1D700BF1352 /* Sources */ = {
			isa = PBXSourcesBuildPhase;
			buildActionMask = 2147483647;
			files = (
				52D5A8792C48AF8100BF1352 /* AnimalRepositoryTest.swift in Sources */,
				52D5A8392C47C1D700BF1352 /* AnimalsAppTests.swift in Sources */,
				52D5A8752C48964A00BF1352 /* AnimalTest.swift in Sources */,
			);
			runOnlyForDeploymentPostprocessing = 0;
		};
		52D5A83A2C47C1D700BF1352 /* Sources */ = {
			isa = PBXSourcesBuildPhase;
			buildActionMask = 2147483647;
			files = (
				52D5A8452C47C1D700BF1352 /* AnimalsAppUITestsLaunchTests.swift in Sources */,
				52D5A8432C47C1D700BF1352 /* AnimalsAppUITests.swift in Sources */,
			);
			runOnlyForDeploymentPostprocessing = 0;
		};
/* End PBXSourcesBuildPhase section */

/* Begin PBXTargetDependency section */
		52D5A8362C47C1D700BF1352 /* PBXTargetDependency */ = {
			isa = PBXTargetDependency;
			target = 52D5A81A2C47C1D500BF1352 /* AnimalsApp */;
			targetProxy = 52D5A8352C47C1D700BF1352 /* PBXContainerItemProxy */;
		};
		52D5A8402C47C1D700BF1352 /* PBXTargetDependency */ = {
			isa = PBXTargetDependency;
			target = 52D5A81A2C47C1D500BF1352 /* AnimalsApp */;
			targetProxy = 52D5A83F2C47C1D700BF1352 /* PBXContainerItemProxy */;
		};
/* End PBXTargetDependency section */

/* Begin PBXVariantGroup section */
		52D5A8242C47C1D500BF1352 /* Main.storyboard */ = {
			isa = PBXVariantGroup;
			children = (
				52D5A8252C47C1D500BF1352 /* Base */,
			);
			name = Main.storyboard;
			sourceTree = "<group>";
		};
		52D5A82C2C47C1D700BF1352 /* LaunchScreen.storyboard */ = {
			isa = PBXVariantGroup;
			children = (
				52D5A82D2C47C1D700BF1352 /* Base */,
			);
			name = LaunchScreen.storyboard;
			sourceTree = "<group>";
		};
/* End PBXVariantGroup section */

/* Begin XCBuildConfiguration section */
		52D5A8462C47C1D700BF1352 /* Debug */ = {
			isa = XCBuildConfiguration;
			buildSettings = {
				ALWAYS_SEARCH_USER_PATHS = NO;
				ASSETCATALOG_COMPILER_GENERATE_SWIFT_ASSET_SYMBOL_EXTENSIONS = YES;
				CLANG_ANALYZER_NONNULL = YES;
				CLANG_ANALYZER_NUMBER_OBJECT_CONVERSION = YES_AGGRESSIVE;
				CLANG_CXX_LANGUAGE_STANDARD = "gnu++20";
				CLANG_ENABLE_MODULES = YES;
				CLANG_ENABLE_OBJC_ARC = YES;
				CLANG_ENABLE_OBJC_WEAK = YES;
				CLANG_WARN_BLOCK_CAPTURE_AUTORELEASING = YES;
				CLANG_WARN_BOOL_CONVERSION = YES;
				CLANG_WARN_COMMA = YES;
				CLANG_WARN_CONSTANT_CONVERSION = YES;
				CLANG_WARN_DEPRECATED_OBJC_IMPLEMENTATIONS = YES;
				CLANG_WARN_DIRECT_OBJC_ISA_USAGE = YES_ERROR;
				CLANG_WARN_DOCUMENTATION_COMMENTS = YES;
				CLANG_WARN_EMPTY_BODY = YES;
				CLANG_WARN_ENUM_CONVERSION = YES;
				CLANG_WARN_INFINITE_RECURSION = YES;
				CLANG_WARN_INT_CONVERSION = YES;
				CLANG_WARN_NON_LITERAL_NULL_CONVERSION = YES;
				CLANG_WARN_OBJC_IMPLICIT_RETAIN_SELF = YES;
				CLANG_WARN_OBJC_LITERAL_CONVERSION = YES;
				CLANG_WARN_OBJC_ROOT_CLASS = YES_ERROR;
				CLANG_WARN_QUOTED_INCLUDE_IN_FRAMEWORK_HEADER = YES;
				CLANG_WARN_RANGE_LOOP_ANALYSIS = YES;
				CLANG_WARN_STRICT_PROTOTYPES = YES;
				CLANG_WARN_SUSPICIOUS_MOVE = YES;
				CLANG_WARN_UNGUARDED_AVAILABILITY = YES_AGGRESSIVE;
				CLANG_WARN_UNREACHABLE_CODE = YES;
				CLANG_WARN__DUPLICATE_METHOD_MATCH = YES;
				COPY_PHASE_STRIP = NO;
				DEBUG_INFORMATION_FORMAT = dwarf;
				ENABLE_STRICT_OBJC_MSGSEND = YES;
				ENABLE_TESTABILITY = YES;
				ENABLE_USER_SCRIPT_SANDBOXING = YES;
				GCC_C_LANGUAGE_STANDARD = gnu17;
				GCC_DYNAMIC_NO_PIC = NO;
				GCC_NO_COMMON_BLOCKS = YES;
				GCC_OPTIMIZATION_LEVEL = 0;
				GCC_PREPROCESSOR_DEFINITIONS = (
					"DEBUG=1",
					"$(inherited)",
				);
				GCC_WARN_64_TO_32_BIT_CONVERSION = YES;
				GCC_WARN_ABOUT_RETURN_TYPE = YES_ERROR;
				GCC_WARN_UNDECLARED_SELECTOR = YES;
				GCC_WARN_UNINITIALIZED_AUTOS = YES_AGGRESSIVE;
				GCC_WARN_UNUSED_FUNCTION = YES;
				GCC_WARN_UNUSED_VARIABLE = YES;
				IPHONEOS_DEPLOYMENT_TARGET = 17.0;
				LOCALIZATION_PREFERS_STRING_CATALOGS = YES;
				MTL_ENABLE_DEBUG_INFO = INCLUDE_SOURCE;
				MTL_FAST_MATH = YES;
				ONLY_ACTIVE_ARCH = YES;
				SDKROOT = iphoneos;
				SWIFT_ACTIVE_COMPILATION_CONDITIONS = "DEBUG $(inherited)";
				SWIFT_OPTIMIZATION_LEVEL = "-Onone";
			};
			name = Debug;
		};
		52D5A8472C47C1D700BF1352 /* Release */ = {
			isa = XCBuildConfiguration;
			buildSettings = {
				ALWAYS_SEARCH_USER_PATHS = NO;
				ASSETCATALOG_COMPILER_GENERATE_SWIFT_ASSET_SYMBOL_EXTENSIONS = YES;
				CLANG_ANALYZER_NONNULL = YES;
				CLANG_ANALYZER_NUMBER_OBJECT_CONVERSION = YES_AGGRESSIVE;
				CLANG_CXX_LANGUAGE_STANDARD = "gnu++20";
				CLANG_ENABLE_MODULES = YES;
				CLANG_ENABLE_OBJC_ARC = YES;
				CLANG_ENABLE_OBJC_WEAK = YES;
				CLANG_WARN_BLOCK_CAPTURE_AUTORELEASING = YES;
				CLANG_WARN_BOOL_CONVERSION = YES;
				CLANG_WARN_COMMA = YES;
				CLANG_WARN_CONSTANT_CONVERSION = YES;
				CLANG_WARN_DEPRECATED_OBJC_IMPLEMENTATIONS = YES;
				CLANG_WARN_DIRECT_OBJC_ISA_USAGE = YES_ERROR;
				CLANG_WARN_DOCUMENTATION_COMMENTS = YES;
				CLANG_WARN_EMPTY_BODY = YES;
				CLANG_WARN_ENUM_CONVERSION = YES;
				CLANG_WARN_INFINITE_RECURSION = YES;
				CLANG_WARN_INT_CONVERSION = YES;
				CLANG_WARN_NON_LITERAL_NULL_CONVERSION = YES;
				CLANG_WARN_OBJC_IMPLICIT_RETAIN_SELF = YES;
				CLANG_WARN_OBJC_LITERAL_CONVERSION = YES;
				CLANG_WARN_OBJC_ROOT_CLASS = YES_ERROR;
				CLANG_WARN_QUOTED_INCLUDE_IN_FRAMEWORK_HEADER = YES;
				CLANG_WARN_RANGE_LOOP_ANALYSIS = YES;
				CLANG_WARN_STRICT_PROTOTYPES = YES;
				CLANG_WARN_SUSPICIOUS_MOVE = YES;
				CLANG_WARN_UNGUARDED_AVAILABILITY = YES_AGGRESSIVE;
				CLANG_WARN_UNREACHABLE_CODE = YES;
				CLANG_WARN__DUPLICATE_METHOD_MATCH = YES;
				COPY_PHASE_STRIP = NO;
				DEBUG_INFORMATION_FORMAT = "dwarf-with-dsym";
				ENABLE_NS_ASSERTIONS = NO;
				ENABLE_STRICT_OBJC_MSGSEND = YES;
				ENABLE_USER_SCRIPT_SANDBOXING = YES;
				GCC_C_LANGUAGE_STANDARD = gnu17;
				GCC_NO_COMMON_BLOCKS = YES;
				GCC_WARN_64_TO_32_BIT_CONVERSION = YES;
				GCC_WARN_ABOUT_RETURN_TYPE = YES_ERROR;
				GCC_WARN_UNDECLARED_SELECTOR = YES;
				GCC_WARN_UNINITIALIZED_AUTOS = YES_AGGRESSIVE;
				GCC_WARN_UNUSED_FUNCTION = YES;
				GCC_WARN_UNUSED_VARIABLE = YES;
				IPHONEOS_DEPLOYMENT_TARGET = 17.0;
				LOCALIZATION_PREFERS_STRING_CATALOGS = YES;
				MTL_ENABLE_DEBUG_INFO = NO;
				MTL_FAST_MATH = YES;
				SDKROOT = iphoneos;
				SWIFT_COMPILATION_MODE = wholemodule;
				VALIDATE_PRODUCT = YES;
			};
			name = Release;
		};
		52D5A8492C47C1D700BF1352 /* Debug */ = {
			isa = XCBuildConfiguration;
			baseConfigurationReference = 6E1E0DC96E0BEE4002531090 /* Pods-AnimalsApp.debug.xcconfig */;
			buildSettings = {
				ASSETCATALOG_COMPILER_APPICON_NAME = AppIcon;
				ASSETCATALOG_COMPILER_GLOBAL_ACCENT_COLOR_NAME = AccentColor;
				CODE_SIGN_STYLE = Automatic;
				CURRENT_PROJECT_VERSION = 1;
				ENABLE_USER_SCRIPT_SANDBOXING = NO;
				GENERATE_INFOPLIST_FILE = YES;
				INFOPLIST_FILE = AnimalsApp/Info.plist;
				INFOPLIST_KEY_UIApplicationSupportsIndirectInputEvents = YES;
				INFOPLIST_KEY_UILaunchStoryboardName = LaunchScreen;
				INFOPLIST_KEY_UIMainStoryboardFile = Main;
				INFOPLIST_KEY_UISupportedInterfaceOrientations_iPad = "UIInterfaceOrientationPortrait UIInterfaceOrientationPortraitUpsideDown UIInterfaceOrientationLandscapeLeft UIInterfaceOrientationLandscapeRight";
				INFOPLIST_KEY_UISupportedInterfaceOrientations_iPhone = "UIInterfaceOrientationPortrait UIInterfaceOrientationLandscapeLeft UIInterfaceOrientationLandscapeRight";
				IPHONEOS_DEPLOYMENT_TARGET = 13.0;
				LD_RUNPATH_SEARCH_PATHS = (
					"$(inherited)",
					"@executable_path/Frameworks",
				);
				MARKETING_VERSION = 1.0;
				PRODUCT_BUNDLE_IDENTIFIER = com.haryanov.AnimalsApp;
				PRODUCT_NAME = "$(TARGET_NAME)";
				SWIFT_EMIT_LOC_STRINGS = YES;
				SWIFT_VERSION = 5.0;
				TARGETED_DEVICE_FAMILY = "1,2";
			};
			name = Debug;
		};
		52D5A84A2C47C1D700BF1352 /* Release */ = {
			isa = XCBuildConfiguration;
			baseConfigurationReference = 4DDD795A1E606B740B40120D /* Pods-AnimalsApp.release.xcconfig */;
			buildSettings = {
				ASSETCATALOG_COMPILER_APPICON_NAME = AppIcon;
				ASSETCATALOG_COMPILER_GLOBAL_ACCENT_COLOR_NAME = AccentColor;
				CODE_SIGN_STYLE = Automatic;
				CURRENT_PROJECT_VERSION = 1;
				ENABLE_USER_SCRIPT_SANDBOXING = NO;
				GENERATE_INFOPLIST_FILE = YES;
				INFOPLIST_FILE = AnimalsApp/Info.plist;
				INFOPLIST_KEY_UIApplicationSupportsIndirectInputEvents = YES;
				INFOPLIST_KEY_UILaunchStoryboardName = LaunchScreen;
				INFOPLIST_KEY_UIMainStoryboardFile = Main;
				INFOPLIST_KEY_UISupportedInterfaceOrientations_iPad = "UIInterfaceOrientationPortrait UIInterfaceOrientationPortraitUpsideDown UIInterfaceOrientationLandscapeLeft UIInterfaceOrientationLandscapeRight";
				INFOPLIST_KEY_UISupportedInterfaceOrientations_iPhone = "UIInterfaceOrientationPortrait UIInterfaceOrientationLandscapeLeft UIInterfaceOrientationLandscapeRight";
				IPHONEOS_DEPLOYMENT_TARGET = 13.0;
				LD_RUNPATH_SEARCH_PATHS = (
					"$(inherited)",
					"@executable_path/Frameworks",
				);
				MARKETING_VERSION = 1.0;
				PRODUCT_BUNDLE_IDENTIFIER = com.haryanov.AnimalsApp;
				PRODUCT_NAME = "$(TARGET_NAME)";
				SWIFT_EMIT_LOC_STRINGS = YES;
				SWIFT_VERSION = 5.0;
				TARGETED_DEVICE_FAMILY = "1,2";
			};
			name = Release;
		};
		52D5A84C2C47C1D700BF1352 /* Debug */ = {
			isa = XCBuildConfiguration;
			baseConfigurationReference = 872D9E5E5A51D1022F56AD3D /* Pods-AnimalsAppTests.debug.xcconfig */;
			buildSettings = {
				ALWAYS_EMBED_SWIFT_STANDARD_LIBRARIES = YES;
				BUNDLE_LOADER = "$(TEST_HOST)";
				CODE_SIGN_STYLE = Automatic;
				CURRENT_PROJECT_VERSION = 1;
				ENABLE_USER_SCRIPT_SANDBOXING = NO;
				GENERATE_INFOPLIST_FILE = YES;
				IPHONEOS_DEPLOYMENT_TARGET = 17.5;
				MARKETING_VERSION = 1.0;
				PRODUCT_BUNDLE_IDENTIFIER = com.haryanov.AnimalsAppTests;
				PRODUCT_NAME = "$(TARGET_NAME)";
				SWIFT_EMIT_LOC_STRINGS = NO;
				SWIFT_VERSION = 5.0;
				TARGETED_DEVICE_FAMILY = "1,2";
				TEST_HOST = "$(BUILT_PRODUCTS_DIR)/AnimalsApp.app/$(BUNDLE_EXECUTABLE_FOLDER_PATH)/AnimalsApp";
			};
			name = Debug;
		};
		52D5A84D2C47C1D700BF1352 /* Release */ = {
			isa = XCBuildConfiguration;
			baseConfigurationReference = C2BACBF5E8A0DBFA3B53E60F /* Pods-AnimalsAppTests.release.xcconfig */;
			buildSettings = {
				ALWAYS_EMBED_SWIFT_STANDARD_LIBRARIES = YES;
				BUNDLE_LOADER = "$(TEST_HOST)";
				CODE_SIGN_STYLE = Automatic;
				CURRENT_PROJECT_VERSION = 1;
				ENABLE_USER_SCRIPT_SANDBOXING = NO;
				GENERATE_INFOPLIST_FILE = YES;
				IPHONEOS_DEPLOYMENT_TARGET = 17.5;
				MARKETING_VERSION = 1.0;
				PRODUCT_BUNDLE_IDENTIFIER = com.haryanov.AnimalsAppTests;
				PRODUCT_NAME = "$(TARGET_NAME)";
				SWIFT_EMIT_LOC_STRINGS = NO;
				SWIFT_VERSION = 5.0;
				TARGETED_DEVICE_FAMILY = "1,2";
				TEST_HOST = "$(BUILT_PRODUCTS_DIR)/AnimalsApp.app/$(BUNDLE_EXECUTABLE_FOLDER_PATH)/AnimalsApp";
			};
			name = Release;
		};
		52D5A84F2C47C1D700BF1352 /* Debug */ = {
			isa = XCBuildConfiguration;
			baseConfigurationReference = 84FAE19149F6F41B0865ED22 /* Pods-AnimalsApp-AnimalsAppUITests.debug.xcconfig */;
			buildSettings = {
				ALWAYS_EMBED_SWIFT_STANDARD_LIBRARIES = YES;
				CODE_SIGN_STYLE = Automatic;
				CURRENT_PROJECT_VERSION = 1;
				ENABLE_USER_SCRIPT_SANDBOXING = NO;
				GENERATE_INFOPLIST_FILE = YES;
				MARKETING_VERSION = 1.0;
				PRODUCT_BUNDLE_IDENTIFIER = com.haryanov.AnimalsAppUITests;
				PRODUCT_NAME = "$(TARGET_NAME)";
				SWIFT_EMIT_LOC_STRINGS = NO;
				SWIFT_VERSION = 5.0;
				TARGETED_DEVICE_FAMILY = "1,2";
				TEST_TARGET_NAME = AnimalsApp;
			};
			name = Debug;
		};
		52D5A8502C47C1D700BF1352 /* Release */ = {
			isa = XCBuildConfiguration;
			baseConfigurationReference = 891A09898166382AE59237DE /* Pods-AnimalsApp-AnimalsAppUITests.release.xcconfig */;
			buildSettings = {
				ALWAYS_EMBED_SWIFT_STANDARD_LIBRARIES = YES;
				CODE_SIGN_STYLE = Automatic;
				CURRENT_PROJECT_VERSION = 1;
				ENABLE_USER_SCRIPT_SANDBOXING = NO;
				GENERATE_INFOPLIST_FILE = YES;
				MARKETING_VERSION = 1.0;
				PRODUCT_BUNDLE_IDENTIFIER = com.haryanov.AnimalsAppUITests;
				PRODUCT_NAME = "$(TARGET_NAME)";
				SWIFT_EMIT_LOC_STRINGS = NO;
				SWIFT_VERSION = 5.0;
				TARGETED_DEVICE_FAMILY = "1,2";
				TEST_TARGET_NAME = AnimalsApp;
			};
			name = Release;
		};
/* End XCBuildConfiguration section */

/* Begin XCConfigurationList section */
		52D5A8162C47C1D500BF1352 /* Build configuration list for PBXProject "AnimalsApp" */ = {
			isa = XCConfigurationList;
			buildConfigurations = (
				52D5A8462C47C1D700BF1352 /* Debug */,
				52D5A8472C47C1D700BF1352 /* Release */,
			);
			defaultConfigurationIsVisible = 0;
			defaultConfigurationName = Release;
		};
		52D5A8482C47C1D700BF1352 /* Build configuration list for PBXNativeTarget "AnimalsApp" */ = {
			isa = XCConfigurationList;
			buildConfigurations = (
				52D5A8492C47C1D700BF1352 /* Debug */,
				52D5A84A2C47C1D700BF1352 /* Release */,
			);
			defaultConfigurationIsVisible = 0;
			defaultConfigurationName = Release;
		};
		52D5A84B2C47C1D700BF1352 /* Build configuration list for PBXNativeTarget "AnimalsAppTests" */ = {
			isa = XCConfigurationList;
			buildConfigurations = (
				52D5A84C2C47C1D700BF1352 /* Debug */,
				52D5A84D2C47C1D700BF1352 /* Release */,
			);
			defaultConfigurationIsVisible = 0;
			defaultConfigurationName = Release;
		};
		52D5A84E2C47C1D700BF1352 /* Build configuration list for PBXNativeTarget "AnimalsAppUITests" */ = {
			isa = XCConfigurationList;
			buildConfigurations = (
				52D5A84F2C47C1D700BF1352 /* Debug */,
				52D5A8502C47C1D700BF1352 /* Release */,
			);
			defaultConfigurationIsVisible = 0;
			defaultConfigurationName = Release;
		};
/* End XCConfigurationList section */

/* Begin XCVersionGroup section */
		52D5A8272C47C1D500BF1352 /* AnimalsApp.xcdatamodeld */ = {
			isa = XCVersionGroup;
			children = (
				52D5A8282C47C1D500BF1352 /* AnimalsApp.xcdatamodel */,
			);
			currentVersion = 52D5A8282C47C1D500BF1352 /* AnimalsApp.xcdatamodel */;
			path = AnimalsApp.xcdatamodeld;
			sourceTree = "<group>";
			versionGroupType = wrapper.xcdatamodel;
		};
/* End XCVersionGroup section */
	};
	rootObject = 52D5A8132C47C1D500BF1352 /* Project object */;
}
